
Microsoft Visual Studio Solution File, Format Version 12.00
# Visual Studio 14
VisualStudioVersion = 14.0.25420.1
MinimumVisualStudioVersion = 10.0.40219.1
Project("{2150E333-8FDC-42A3-9474-1A3956D46DE8}") = "src", "src", "{F08A56BF-A1B0-4944-A3C7-A2CA2EF45943}"
EndProject
Project("{2150E333-8FDC-42A3-9474-1A3956D46DE8}") = "Solution Items", "Solution Items", "{71E9BCAC-3B4A-4EA2-B1D8-B7D5CFBBA20B}"
	ProjectSection(SolutionItems) = preProject
		global.json = global.json
	EndProjectSection
EndProject
Project("{8BB2217D-0F2D-49D1-97BC-3654ED321F3B}") = "RAML.NetCore.APICore", "src\RAML.NetCore.APICore\RAML.NetCore.APICore.xproj", "{206A416F-DD49-4391-BB1F-4466FDB041BA}"
EndProject
Project("{2150E333-8FDC-42A3-9474-1A3956D46DE8}") = "test", "test", "{52E428A0-2D9A-4AAC-B535-F3DCC1CB942B}"
EndProject
Project("{8BB2217D-0F2D-49D1-97BC-3654ED321F3B}") = "Raml.NetCore.APICore.Tests", "src\Raml.NetCore.APICore.Tests\Raml.NetCore.APICore.Tests.xproj", "{8035C07F-59BF-4000-B55D-B2119C37D049}"
EndProject
Global
	GlobalSection(SolutionConfigurationPlatforms) = preSolution
		Debug|Any CPU = Debug|Any CPU
		Release|Any CPU = Release|Any CPU
	EndGlobalSection
	GlobalSection(ProjectConfigurationPlatforms) = postSolution
		{206A416F-DD49-4391-BB1F-4466FDB041BA}.Debug|Any CPU.ActiveCfg = Debug|Any CPU
		{206A416F-DD49-4391-BB1F-4466FDB041BA}.Debug|Any CPU.Build.0 = Debug|Any CPU
		{206A416F-DD49-4391-BB1F-4466FDB041BA}.Release|Any CPU.ActiveCfg = Release|Any CPU
		{206A416F-DD49-4391-BB1F-4466FDB041BA}.Release|Any CPU.Build.0 = Release|Any CPU
		{8035C07F-59BF-4000-B55D-B2119C37D049}.Debug|Any CPU.ActiveCfg = Debug|Any CPU
		{8035C07F-59BF-4000-B55D-B2119C37D049}.Debug|Any CPU.Build.0 = Debug|Any CPU
		{8035C07F-59BF-4000-B55D-B2119C37D049}.Release|Any CPU.ActiveCfg = Release|Any CPU
		{8035C07F-59BF-4000-B55D-B2119C37D049}.Release|Any CPU.Build.0 = Release|Any CPU
	EndGlobalSection
	GlobalSection(SolutionProperties) = preSolution
		HideSolutionNode = FALSE
	EndGlobalSection
	GlobalSection(NestedProjects) = preSolution
		{206A416F-DD49-4391-BB1F-4466FDB041BA} = {F08A56BF-A1B0-4944-A3C7-A2CA2EF45943}
		{8035C07F-59BF-4000-B55D-B2119C37D049} = {52E428A0-2D9A-4AAC-B535-F3DCC1CB942B}
	EndGlobalSection
EndGlobal
